
Microsoft Visual Studio Solution File, Format Version 11.00
# Visual Studio 2010
Project("{FAE04EC0-301F-11D3-BF4B-00C04F79EFBC}") = "MiniClashOfClans", "MiniClashOfClans\MiniClashOfClans.csproj", "{6239C257-12E6-4138-89AD-1A873FFFBD16}"
EndProject
Global
	GlobalSection(SolutionConfigurationPlatforms) = preSolution
		Debug|x86 = Debug|x86
		Release|x86 = Release|x86
	EndGlobalSection
	GlobalSection(ProjectConfigurationPlatforms) = postSolution
		{6239C257-12E6-4138-89AD-1A873FFFBD16}.Debug|x86.ActiveCfg = Debug|x86
		{6239C257-12E6-4138-89AD-1A873FFFBD16}.Debug|x86.Build.0 = Debug|x86
		{6239C257-12E6-4138-89AD-1A873FFFBD16}.Release|x86.ActiveCfg = Release|x86
		{6239C257-12E6-4138-89AD-1A873FFFBD16}.Release|x86.Build.0 = Release|x86
	EndGlobalSection
	GlobalSection(SolutionProperties) = preSolution
		HideSolutionNode = FALSE
	EndGlobalSection
EndGlobal
